hash: 0d9d4e969b62aea834e9ee5fc871ef7acc8e39f61dd66ee479fa613e6d1db123
updated: 2017-08-15T12:19:45.648343558-04:00
imports:
- name: github.com/go-kit/kit
  version: a9ca6725cbbea455e61c6bc8a1ed28e81eb3493b
  subpackages:
  - endpoint
- name: github.com/nats-io/go-nats
  version: 29f9728a183bf3fa7e809e14edac00b33be72088
  subpackages:
  - encoders/builtin
  - util
- name: github.com/nats-io/nuid
  version: 3cf34f9fca4e88afa9da8eabd75e3326c9941b44
- name: github.com/sirupsen/logrus
  version: a3f95b5c423586578a4e099b11a46c2479628cac
- name: golang.org/x/net
  version: 1c05540f6879653db88113bc4a2b70aec4bd491f
  subpackages:
  - context
- name: golang.org/x/sys
  version: e42485b6e20ae7d2304ec72e535b103ed350cc02
  subpackages:
  - unix
- name: google.golang.org/grpc
  version: b3ddf786825de56a4178401b7e174ee332173b66
  subpackages:
  - metadata
testImports: []
